
Microsoft Visual Studio Solution File, Format Version 12.00
# Visual Studio Version 17
VisualStudioVersion = 17.14.36301.6 d17.14
MinimumVisualStudioVersion = 10.0.40219.1
Project("{FAE04EC0-301F-11D3-BF4B-00C04F79EFBC}") = "BCatchAutoConverter", "BCatchAutoConverter.csproj", "{0CB732FD-70FC-4880-AF2B-289ADA4CF5FF}"
EndProject
Global
	GlobalSection(SolutionConfigurationPlatforms) = preSolution
		Debug|Any CPU = Debug|Any CPU
		Release|Any CPU = Release|Any CPU
	EndGlobalSection
	GlobalSection(ProjectConfigurationPlatforms) = postSolution
		{0CB732FD-70FC-4880-AF2B-289ADA4CF5FF}.Debug|Any CPU.ActiveCfg = Debug|Any CPU
		{0CB732FD-70FC-4880-AF2B-289ADA4CF5FF}.Debug|Any CPU.Build.0 = Debug|Any CPU
		{0CB732FD-70FC-4880-AF2B-289ADA4CF5FF}.Release|Any CPU.ActiveCfg = Release|Any CPU
		{0CB732FD-70FC-4880-AF2B-289ADA4CF5FF}.Release|Any CPU.Build.0 = Release|Any CPU
	EndGlobalSection
	GlobalSection(SolutionProperties) = preSolution
		HideSolutionNode = FALSE
	EndGlobalSection
	GlobalSection(ExtensibilityGlobals) = postSolution
		SolutionGuid = {A6837DF6-E2F1-4036-9DB9-1D252102E7E2}
	EndGlobalSection
EndGlobal
